{
  "object": {
    "pins": [
      {
        "package": "GenericJSON",
        "repositoryURL": "https://github.com/zoul/generic-json-swift.git",
        "state": {
          "branch": null,
          "revision": "0a06575f4038b504e78ac330913d920f1630f510",
          "version": "2.0.2"
        }
      },
      {
        "package": "kubewardenSdk",
        "repositoryURL": "https://github.com/kubewarden/policy-sdk-swift.git",
        "state": {
          "branch": null,
          "revision": "59cc979fa9994f1653d3d3e3dd3072188b2c0a18",
          "version": "0.1.6"
        }
      },
      {
        "package": "swift-log",
        "repositoryURL": "https://github.com/apple/swift-log.git",
        "state": {
          "branch": null,
          "revision": "32e8d724467f8fe623624570367e3d50c5638e46",
          "version": "1.5.2"
        }
      },
      {
        "package": "SwiftPath",
        "repositoryURL": "https://github.com/g-mark/SwiftPath.git",
        "state": {
          "branch": null,
          "revision": "76144e5936117ff1a535b7ba686f52daa5bb430a",
          "version": "0.3.1"
        }
      },
      {
        "package": "wapc",
        "repositoryURL": "https://github.com/flavio/wapc-guest-swift.git",
        "state": {
          "branch": null,
          "revision": "018341211e440ab07d9a14d86b43978b748e0ea5",
          "version": "0.0.2"
        }
      }
    ]
  },
  "version": 1
}
